
Microsoft Visual Studio Solution File, Format Version 12.00
# Visual Studio 15
VisualStudioVersion = 15.0.26124.0
MinimumVisualStudioVersion = 15.0.26124.0
Project("{FAE04EC0-301F-11D3-BF4B-00C04F79EFBC}") = "MusicTutor.Data", "MusicTutor.Data\MusicTutor.Data.csproj", "{40C2DADC-47E7-4154-B7B8-28E08D8F06DF}"
EndProject
Project("{FAE04EC0-301F-11D3-BF4B-00C04F79EFBC}") = "MusicTutor.Exe", "MusicTutor.Exe\MusicTutor.Exe.csproj", "{DC3CA005-A9E0-4357-AE87-75666E60569A}"
EndProject
Project("{FAE04EC0-301F-11D3-BF4B-00C04F79EFBC}") = "MusicTutor.Core", "MusicTutor.Core\MusicTutor.Core.csproj", "{8E76F9F6-ACDE-4FDC-A22E-901E8D1759E9}"
EndProject
Project("{FAE04EC0-301F-11D3-BF4B-00C04F79EFBC}") = "MusicTutor.Api", "MusicTutor.Api\MusicTutor.Api.csproj", "{AFE24F00-0543-4AFA-9BDB-BB17ED51FD33}"
EndProject
Project("{FAE04EC0-301F-11D3-BF4B-00C04F79EFBC}") = "MusicTutor.Cqs", "MusicTutor.Cqs\MusicTutor.Cqs.csproj", "{B9688CDF-4D2D-4394-8A67-CC73A83059CB}"
EndProject
Global
	GlobalSection(SolutionConfigurationPlatforms) = preSolution
		Debug|Any CPU = Debug|Any CPU
		Debug|x64 = Debug|x64
		Debug|x86 = Debug|x86
		Release|Any CPU = Release|Any CPU
		Release|x64 = Release|x64
		Release|x86 = Release|x86
	EndGlobalSection
	GlobalSection(SolutionProperties) = preSolution
		HideSolutionNode = FALSE
	EndGlobalSection
	GlobalSection(ProjectConfigurationPlatforms) = postSolution
		{40C2DADC-47E7-4154-B7B8-28E08D8F06DF}.Debug|Any CPU.ActiveCfg = Debug|Any CPU
		{40C2DADC-47E7-4154-B7B8-28E08D8F06DF}.Debug|Any CPU.Build.0 = Debug|Any CPU
		{40C2DADC-47E7-4154-B7B8-28E08D8F06DF}.Debug|x64.ActiveCfg = Debug|Any CPU
		{40C2DADC-47E7-4154-B7B8-28E08D8F06DF}.Debug|x64.Build.0 = Debug|Any CPU
		{40C2DADC-47E7-4154-B7B8-28E08D8F06DF}.Debug|x86.ActiveCfg = Debug|Any CPU
		{40C2DADC-47E7-4154-B7B8-28E08D8F06DF}.Debug|x86.Build.0 = Debug|Any CPU
		{40C2DADC-47E7-4154-B7B8-28E08D8F06DF}.Release|Any CPU.ActiveCfg = Release|Any CPU
		{40C2DADC-47E7-4154-B7B8-28E08D8F06DF}.Release|Any CPU.Build.0 = Release|Any CPU
		{40C2DADC-47E7-4154-B7B8-28E08D8F06DF}.Release|x64.ActiveCfg = Release|Any CPU
		{40C2DADC-47E7-4154-B7B8-28E08D8F06DF}.Release|x64.Build.0 = Release|Any CPU
		{40C2DADC-47E7-4154-B7B8-28E08D8F06DF}.Release|x86.ActiveCfg = Release|Any CPU
		{40C2DADC-47E7-4154-B7B8-28E08D8F06DF}.Release|x86.Build.0 = Release|Any CPU
		{DC3CA005-A9E0-4357-AE87-75666E60569A}.Debug|Any CPU.ActiveCfg = Debug|Any CPU
		{DC3CA005-A9E0-4357-AE87-75666E60569A}.Debug|Any CPU.Build.0 = Debug|Any CPU
		{DC3CA005-A9E0-4357-AE87-75666E60569A}.Debug|x64.ActiveCfg = Debug|Any CPU
		{DC3CA005-A9E0-4357-AE87-75666E60569A}.Debug|x64.Build.0 = Debug|Any CPU
		{DC3CA005-A9E0-4357-AE87-75666E60569A}.Debug|x86.ActiveCfg = Debug|Any CPU
		{DC3CA005-A9E0-4357-AE87-75666E60569A}.Debug|x86.Build.0 = Debug|Any CPU
		{DC3CA005-A9E0-4357-AE87-75666E60569A}.Release|Any CPU.ActiveCfg = Release|Any CPU
		{DC3CA005-A9E0-4357-AE87-75666E60569A}.Release|Any CPU.Build.0 = Release|Any CPU
		{DC3CA005-A9E0-4357-AE87-75666E60569A}.Release|x64.ActiveCfg = Release|Any CPU
		{DC3CA005-A9E0-4357-AE87-75666E60569A}.Release|x64.Build.0 = Release|Any CPU
		{DC3CA005-A9E0-4357-AE87-75666E60569A}.Release|x86.ActiveCfg = Release|Any CPU
		{DC3CA005-A9E0-4357-AE87-75666E60569A}.Release|x86.Build.0 = Release|Any CPU
		{178F8F5B-5A52-4D27-A831-A45DE876DDB3}.Debug|Any CPU.ActiveCfg = Debug|Any CPU
		{178F8F5B-5A52-4D27-A831-A45DE876DDB3}.Debug|Any CPU.Build.0 = Debug|Any CPU
		{178F8F5B-5A52-4D27-A831-A45DE876DDB3}.Debug|x64.ActiveCfg = Debug|Any CPU
		{178F8F5B-5A52-4D27-A831-A45DE876DDB3}.Debug|x64.Build.0 = Debug|Any CPU
		{178F8F5B-5A52-4D27-A831-A45DE876DDB3}.Debug|x86.ActiveCfg = Debug|Any CPU
		{178F8F5B-5A52-4D27-A831-A45DE876DDB3}.Debug|x86.Build.0 = Debug|Any CPU
		{178F8F5B-5A52-4D27-A831-A45DE876DDB3}.Release|Any CPU.ActiveCfg = Release|Any CPU
		{178F8F5B-5A52-4D27-A831-A45DE876DDB3}.Release|Any CPU.Build.0 = Release|Any CPU
		{178F8F5B-5A52-4D27-A831-A45DE876DDB3}.Release|x64.ActiveCfg = Release|Any CPU
		{178F8F5B-5A52-4D27-A831-A45DE876DDB3}.Release|x64.Build.0 = Release|Any CPU
		{178F8F5B-5A52-4D27-A831-A45DE876DDB3}.Release|x86.ActiveCfg = Release|Any CPU
		{178F8F5B-5A52-4D27-A831-A45DE876DDB3}.Release|x86.Build.0 = Release|Any CPU
		{8E76F9F6-ACDE-4FDC-A22E-901E8D1759E9}.Debug|Any CPU.ActiveCfg = Debug|Any CPU
		{8E76F9F6-ACDE-4FDC-A22E-901E8D1759E9}.Debug|Any CPU.Build.0 = Debug|Any CPU
		{8E76F9F6-ACDE-4FDC-A22E-901E8D1759E9}.Debug|x64.ActiveCfg = Debug|Any CPU
		{8E76F9F6-ACDE-4FDC-A22E-901E8D1759E9}.Debug|x64.Build.0 = Debug|Any CPU
		{8E76F9F6-ACDE-4FDC-A22E-901E8D1759E9}.Debug|x86.ActiveCfg = Debug|Any CPU
		{8E76F9F6-ACDE-4FDC-A22E-901E8D1759E9}.Debug|x86.Build.0 = Debug|Any CPU
		{8E76F9F6-ACDE-4FDC-A22E-901E8D1759E9}.Release|Any CPU.ActiveCfg = Release|Any CPU
		{8E76F9F6-ACDE-4FDC-A22E-901E8D1759E9}.Release|Any CPU.Build.0 = Release|Any CPU
		{8E76F9F6-ACDE-4FDC-A22E-901E8D1759E9}.Release|x64.ActiveCfg = Release|Any CPU
		{8E76F9F6-ACDE-4FDC-A22E-901E8D1759E9}.Release|x64.Build.0 = Release|Any CPU
		{8E76F9F6-ACDE-4FDC-A22E-901E8D1759E9}.Release|x86.ActiveCfg = Release|Any CPU
		{8E76F9F6-ACDE-4FDC-A22E-901E8D1759E9}.Release|x86.Build.0 = Release|Any CPU
		{AFE24F00-0543-4AFA-9BDB-BB17ED51FD33}.Debug|Any CPU.ActiveCfg = Debug|Any CPU
		{AFE24F00-0543-4AFA-9BDB-BB17ED51FD33}.Debug|Any CPU.Build.0 = Debug|Any CPU
		{AFE24F00-0543-4AFA-9BDB-BB17ED51FD33}.Debug|x64.ActiveCfg = Debug|Any CPU
		{AFE24F00-0543-4AFA-9BDB-BB17ED51FD33}.Debug|x64.Build.0 = Debug|Any CPU
		{AFE24F00-0543-4AFA-9BDB-BB17ED51FD33}.Debug|x86.ActiveCfg = Debug|Any CPU
		{AFE24F00-0543-4AFA-9BDB-BB17ED51FD33}.Debug|x86.Build.0 = Debug|Any CPU
		{AFE24F00-0543-4AFA-9BDB-BB17ED51FD33}.Release|Any CPU.ActiveCfg = Release|Any CPU
		{AFE24F00-0543-4AFA-9BDB-BB17ED51FD33}.Release|Any CPU.Build.0 = Release|Any CPU
		{AFE24F00-0543-4AFA-9BDB-BB17ED51FD33}.Release|x64.ActiveCfg = Release|Any CPU
		{AFE24F00-0543-4AFA-9BDB-BB17ED51FD33}.Release|x64.Build.0 = Release|Any CPU
		{AFE24F00-0543-4AFA-9BDB-BB17ED51FD33}.Release|x86.ActiveCfg = Release|Any CPU
		{AFE24F00-0543-4AFA-9BDB-BB17ED51FD33}.Release|x86.Build.0 = Release|Any CPU
		{B9688CDF-4D2D-4394-8A67-CC73A83059CB}.Debug|Any CPU.ActiveCfg = Debug|Any CPU
		{B9688CDF-4D2D-4394-8A67-CC73A83059CB}.Debug|Any CPU.Build.0 = Debug|Any CPU
		{B9688CDF-4D2D-4394-8A67-CC73A83059CB}.Debug|x64.ActiveCfg = Debug|Any CPU
		{B9688CDF-4D2D-4394-8A67-CC73A83059CB}.Debug|x64.Build.0 = Debug|Any CPU
		{B9688CDF-4D2D-4394-8A67-CC73A83059CB}.Debug|x86.ActiveCfg = Debug|Any CPU
		{B9688CDF-4D2D-4394-8A67-CC73A83059CB}.Debug|x86.Build.0 = Debug|Any CPU
		{B9688CDF-4D2D-4394-8A67-CC73A83059CB}.Release|Any CPU.ActiveCfg = Release|Any CPU
		{B9688CDF-4D2D-4394-8A67-CC73A83059CB}.Release|Any CPU.Build.0 = Release|Any CPU
		{B9688CDF-4D2D-4394-8A67-CC73A83059CB}.Release|x64.ActiveCfg = Release|Any CPU
		{B9688CDF-4D2D-4394-8A67-CC73A83059CB}.Release|x64.Build.0 = Release|Any CPU
		{B9688CDF-4D2D-4394-8A67-CC73A83059CB}.Release|x86.ActiveCfg = Release|Any CPU
		{B9688CDF-4D2D-4394-8A67-CC73A83059CB}.Release|x86.Build.0 = Release|Any CPU
	EndGlobalSection
EndGlobal
