
Microsoft Visual Studio Solution File, Format Version 12.00
# Visual Studio 15
VisualStudioVersion = 15.0.26124.0
MinimumVisualStudioVersion = 15.0.26124.0
Project("{FAE04EC0-301F-11D3-BF4B-00C04F79EFBC}") = "MusicTutor.Core", "MusicTutor.Core\MusicTutor.Core.csproj", "{8E76F9F6-ACDE-4FDC-A22E-901E8D1759E9}"
EndProject
Project("{FAE04EC0-301F-11D3-BF4B-00C04F79EFBC}") = "MusicTutor.Api", "MusicTutor.Api\MusicTutor.Api.csproj", "{AFE24F00-0543-4AFA-9BDB-BB17ED51FD33}"
EndProject
Project("{FAE04EC0-301F-11D3-BF4B-00C04F79EFBC}") = "MusicTutor.Data.EFCore", "MusicTutor.Data.EFCore\MusicTutor.Data.EFCore.csproj", "{CC4FC994-9D2C-41A2-9C75-945D33C923FD}"
EndProject
Project("{2150E333-8FDC-42A3-9474-1A3956D46DE8}") = "Unit.Tests", "Unit.Tests", "{EBA29B5A-A38D-4DC7-8AAC-A9F614E22090}"
EndProject
Project("{FAE04EC0-301F-11D3-BF4B-00C04F79EFBC}") = "MusicTutor.Api.UnitTests", "Unit.Tests\MusicTutor.Api.UnitTests\MusicTutor.Api.UnitTests.csproj", "{63B2CD27-44A6-4853-AD53-8C5F3A6BAEB5}"
EndProject
Project("{FAE04EC0-301F-11D3-BF4B-00C04F79EFBC}") = "MusicTutor.IntegrationTests", "MusicTutor.IntegrationTests\MusicTutor.IntegrationTests.csproj", "{4FE3D883-38E1-4655-BC8E-3CDC7747C4F8}"
EndProject
Project("{FAE04EC0-301F-11D3-BF4B-00C04F79EFBC}") = "MusicTutor.Auth", "MusicTutor.Auth\MusicTutor.Auth.csproj", "{4FE12E0A-F809-4554-8C6C-B00650DC9FFA}"
EndProject
Global
	GlobalSection(SolutionConfigurationPlatforms) = preSolution
		Debug|Any CPU = Debug|Any CPU
		Debug|x64 = Debug|x64
		Debug|x86 = Debug|x86
		Release|Any CPU = Release|Any CPU
		Release|x64 = Release|x64
		Release|x86 = Release|x86
	EndGlobalSection
	GlobalSection(SolutionProperties) = preSolution
		HideSolutionNode = FALSE
	EndGlobalSection
	GlobalSection(ProjectConfigurationPlatforms) = postSolution
		{40C2DADC-47E7-4154-B7B8-28E08D8F06DF}.Debug|Any CPU.ActiveCfg = Debug|Any CPU
		{40C2DADC-47E7-4154-B7B8-28E08D8F06DF}.Debug|Any CPU.Build.0 = Debug|Any CPU
		{40C2DADC-47E7-4154-B7B8-28E08D8F06DF}.Debug|x64.ActiveCfg = Debug|Any CPU
		{40C2DADC-47E7-4154-B7B8-28E08D8F06DF}.Debug|x64.Build.0 = Debug|Any CPU
		{40C2DADC-47E7-4154-B7B8-28E08D8F06DF}.Debug|x86.ActiveCfg = Debug|Any CPU
		{40C2DADC-47E7-4154-B7B8-28E08D8F06DF}.Debug|x86.Build.0 = Debug|Any CPU
		{40C2DADC-47E7-4154-B7B8-28E08D8F06DF}.Release|Any CPU.ActiveCfg = Release|Any CPU
		{40C2DADC-47E7-4154-B7B8-28E08D8F06DF}.Release|Any CPU.Build.0 = Release|Any CPU
		{40C2DADC-47E7-4154-B7B8-28E08D8F06DF}.Release|x64.ActiveCfg = Release|Any CPU
		{40C2DADC-47E7-4154-B7B8-28E08D8F06DF}.Release|x64.Build.0 = Release|Any CPU
		{40C2DADC-47E7-4154-B7B8-28E08D8F06DF}.Release|x86.ActiveCfg = Release|Any CPU
		{40C2DADC-47E7-4154-B7B8-28E08D8F06DF}.Release|x86.Build.0 = Release|Any CPU
		{178F8F5B-5A52-4D27-A831-A45DE876DDB3}.Debug|Any CPU.ActiveCfg = Debug|Any CPU
		{178F8F5B-5A52-4D27-A831-A45DE876DDB3}.Debug|Any CPU.Build.0 = Debug|Any CPU
		{178F8F5B-5A52-4D27-A831-A45DE876DDB3}.Debug|x64.ActiveCfg = Debug|Any CPU
		{178F8F5B-5A52-4D27-A831-A45DE876DDB3}.Debug|x64.Build.0 = Debug|Any CPU
		{178F8F5B-5A52-4D27-A831-A45DE876DDB3}.Debug|x86.ActiveCfg = Debug|Any CPU
		{178F8F5B-5A52-4D27-A831-A45DE876DDB3}.Debug|x86.Build.0 = Debug|Any CPU
		{178F8F5B-5A52-4D27-A831-A45DE876DDB3}.Release|Any CPU.ActiveCfg = Release|Any CPU
		{178F8F5B-5A52-4D27-A831-A45DE876DDB3}.Release|Any CPU.Build.0 = Release|Any CPU
		{178F8F5B-5A52-4D27-A831-A45DE876DDB3}.Release|x64.ActiveCfg = Release|Any CPU
		{178F8F5B-5A52-4D27-A831-A45DE876DDB3}.Release|x64.Build.0 = Release|Any CPU
		{178F8F5B-5A52-4D27-A831-A45DE876DDB3}.Release|x86.ActiveCfg = Release|Any CPU
		{178F8F5B-5A52-4D27-A831-A45DE876DDB3}.Release|x86.Build.0 = Release|Any CPU
		{8E76F9F6-ACDE-4FDC-A22E-901E8D1759E9}.Debug|Any CPU.ActiveCfg = Debug|Any CPU
		{8E76F9F6-ACDE-4FDC-A22E-901E8D1759E9}.Debug|Any CPU.Build.0 = Debug|Any CPU
		{8E76F9F6-ACDE-4FDC-A22E-901E8D1759E9}.Debug|x64.ActiveCfg = Debug|Any CPU
		{8E76F9F6-ACDE-4FDC-A22E-901E8D1759E9}.Debug|x64.Build.0 = Debug|Any CPU
		{8E76F9F6-ACDE-4FDC-A22E-901E8D1759E9}.Debug|x86.ActiveCfg = Debug|Any CPU
		{8E76F9F6-ACDE-4FDC-A22E-901E8D1759E9}.Debug|x86.Build.0 = Debug|Any CPU
		{8E76F9F6-ACDE-4FDC-A22E-901E8D1759E9}.Release|Any CPU.ActiveCfg = Release|Any CPU
		{8E76F9F6-ACDE-4FDC-A22E-901E8D1759E9}.Release|Any CPU.Build.0 = Release|Any CPU
		{8E76F9F6-ACDE-4FDC-A22E-901E8D1759E9}.Release|x64.ActiveCfg = Release|Any CPU
		{8E76F9F6-ACDE-4FDC-A22E-901E8D1759E9}.Release|x64.Build.0 = Release|Any CPU
		{8E76F9F6-ACDE-4FDC-A22E-901E8D1759E9}.Release|x86.ActiveCfg = Release|Any CPU
		{8E76F9F6-ACDE-4FDC-A22E-901E8D1759E9}.Release|x86.Build.0 = Release|Any CPU
		{AFE24F00-0543-4AFA-9BDB-BB17ED51FD33}.Debug|Any CPU.ActiveCfg = Debug|Any CPU
		{AFE24F00-0543-4AFA-9BDB-BB17ED51FD33}.Debug|Any CPU.Build.0 = Debug|Any CPU
		{AFE24F00-0543-4AFA-9BDB-BB17ED51FD33}.Debug|x64.ActiveCfg = Debug|Any CPU
		{AFE24F00-0543-4AFA-9BDB-BB17ED51FD33}.Debug|x64.Build.0 = Debug|Any CPU
		{AFE24F00-0543-4AFA-9BDB-BB17ED51FD33}.Debug|x86.ActiveCfg = Debug|Any CPU
		{AFE24F00-0543-4AFA-9BDB-BB17ED51FD33}.Debug|x86.Build.0 = Debug|Any CPU
		{AFE24F00-0543-4AFA-9BDB-BB17ED51FD33}.Release|Any CPU.ActiveCfg = Release|Any CPU
		{AFE24F00-0543-4AFA-9BDB-BB17ED51FD33}.Release|Any CPU.Build.0 = Release|Any CPU
		{AFE24F00-0543-4AFA-9BDB-BB17ED51FD33}.Release|x64.ActiveCfg = Release|Any CPU
		{AFE24F00-0543-4AFA-9BDB-BB17ED51FD33}.Release|x64.Build.0 = Release|Any CPU
		{AFE24F00-0543-4AFA-9BDB-BB17ED51FD33}.Release|x86.ActiveCfg = Release|Any CPU
		{AFE24F00-0543-4AFA-9BDB-BB17ED51FD33}.Release|x86.Build.0 = Release|Any CPU
		{CC4FC994-9D2C-41A2-9C75-945D33C923FD}.Debug|Any CPU.ActiveCfg = Debug|Any CPU
		{CC4FC994-9D2C-41A2-9C75-945D33C923FD}.Debug|Any CPU.Build.0 = Debug|Any CPU
		{CC4FC994-9D2C-41A2-9C75-945D33C923FD}.Debug|x64.ActiveCfg = Debug|Any CPU
		{CC4FC994-9D2C-41A2-9C75-945D33C923FD}.Debug|x64.Build.0 = Debug|Any CPU
		{CC4FC994-9D2C-41A2-9C75-945D33C923FD}.Debug|x86.ActiveCfg = Debug|Any CPU
		{CC4FC994-9D2C-41A2-9C75-945D33C923FD}.Debug|x86.Build.0 = Debug|Any CPU
		{CC4FC994-9D2C-41A2-9C75-945D33C923FD}.Release|Any CPU.ActiveCfg = Release|Any CPU
		{CC4FC994-9D2C-41A2-9C75-945D33C923FD}.Release|Any CPU.Build.0 = Release|Any CPU
		{CC4FC994-9D2C-41A2-9C75-945D33C923FD}.Release|x64.ActiveCfg = Release|Any CPU
		{CC4FC994-9D2C-41A2-9C75-945D33C923FD}.Release|x64.Build.0 = Release|Any CPU
		{CC4FC994-9D2C-41A2-9C75-945D33C923FD}.Release|x86.ActiveCfg = Release|Any CPU
		{CC4FC994-9D2C-41A2-9C75-945D33C923FD}.Release|x86.Build.0 = Release|Any CPU
		{63B2CD27-44A6-4853-AD53-8C5F3A6BAEB5}.Debug|Any CPU.ActiveCfg = Debug|Any CPU
		{63B2CD27-44A6-4853-AD53-8C5F3A6BAEB5}.Debug|Any CPU.Build.0 = Debug|Any CPU
		{63B2CD27-44A6-4853-AD53-8C5F3A6BAEB5}.Debug|x64.ActiveCfg = Debug|Any CPU
		{63B2CD27-44A6-4853-AD53-8C5F3A6BAEB5}.Debug|x64.Build.0 = Debug|Any CPU
		{63B2CD27-44A6-4853-AD53-8C5F3A6BAEB5}.Debug|x86.ActiveCfg = Debug|Any CPU
		{63B2CD27-44A6-4853-AD53-8C5F3A6BAEB5}.Debug|x86.Build.0 = Debug|Any CPU
		{63B2CD27-44A6-4853-AD53-8C5F3A6BAEB5}.Release|Any CPU.ActiveCfg = Release|Any CPU
		{63B2CD27-44A6-4853-AD53-8C5F3A6BAEB5}.Release|Any CPU.Build.0 = Release|Any CPU
		{63B2CD27-44A6-4853-AD53-8C5F3A6BAEB5}.Release|x64.ActiveCfg = Release|Any CPU
		{63B2CD27-44A6-4853-AD53-8C5F3A6BAEB5}.Release|x64.Build.0 = Release|Any CPU
		{63B2CD27-44A6-4853-AD53-8C5F3A6BAEB5}.Release|x86.ActiveCfg = Release|Any CPU
		{63B2CD27-44A6-4853-AD53-8C5F3A6BAEB5}.Release|x86.Build.0 = Release|Any CPU
		{4FE3D883-38E1-4655-BC8E-3CDC7747C4F8}.Debug|Any CPU.ActiveCfg = Debug|Any CPU
		{4FE3D883-38E1-4655-BC8E-3CDC7747C4F8}.Debug|Any CPU.Build.0 = Debug|Any CPU
		{4FE3D883-38E1-4655-BC8E-3CDC7747C4F8}.Debug|x64.ActiveCfg = Debug|Any CPU
		{4FE3D883-38E1-4655-BC8E-3CDC7747C4F8}.Debug|x64.Build.0 = Debug|Any CPU
		{4FE3D883-38E1-4655-BC8E-3CDC7747C4F8}.Debug|x86.ActiveCfg = Debug|Any CPU
		{4FE3D883-38E1-4655-BC8E-3CDC7747C4F8}.Debug|x86.Build.0 = Debug|Any CPU
		{4FE3D883-38E1-4655-BC8E-3CDC7747C4F8}.Release|Any CPU.ActiveCfg = Release|Any CPU
		{4FE3D883-38E1-4655-BC8E-3CDC7747C4F8}.Release|Any CPU.Build.0 = Release|Any CPU
		{4FE3D883-38E1-4655-BC8E-3CDC7747C4F8}.Release|x64.ActiveCfg = Release|Any CPU
		{4FE3D883-38E1-4655-BC8E-3CDC7747C4F8}.Release|x64.Build.0 = Release|Any CPU
		{4FE3D883-38E1-4655-BC8E-3CDC7747C4F8}.Release|x86.ActiveCfg = Release|Any CPU
		{4FE3D883-38E1-4655-BC8E-3CDC7747C4F8}.Release|x86.Build.0 = Release|Any CPU
		{4FE12E0A-F809-4554-8C6C-B00650DC9FFA}.Debug|Any CPU.ActiveCfg = Debug|Any CPU
		{4FE12E0A-F809-4554-8C6C-B00650DC9FFA}.Debug|Any CPU.Build.0 = Debug|Any CPU
		{4FE12E0A-F809-4554-8C6C-B00650DC9FFA}.Debug|x64.ActiveCfg = Debug|Any CPU
		{4FE12E0A-F809-4554-8C6C-B00650DC9FFA}.Debug|x64.Build.0 = Debug|Any CPU
		{4FE12E0A-F809-4554-8C6C-B00650DC9FFA}.Debug|x86.ActiveCfg = Debug|Any CPU
		{4FE12E0A-F809-4554-8C6C-B00650DC9FFA}.Debug|x86.Build.0 = Debug|Any CPU
		{4FE12E0A-F809-4554-8C6C-B00650DC9FFA}.Release|Any CPU.ActiveCfg = Release|Any CPU
		{4FE12E0A-F809-4554-8C6C-B00650DC9FFA}.Release|Any CPU.Build.0 = Release|Any CPU
		{4FE12E0A-F809-4554-8C6C-B00650DC9FFA}.Release|x64.ActiveCfg = Release|Any CPU
		{4FE12E0A-F809-4554-8C6C-B00650DC9FFA}.Release|x64.Build.0 = Release|Any CPU
		{4FE12E0A-F809-4554-8C6C-B00650DC9FFA}.Release|x86.ActiveCfg = Release|Any CPU
		{4FE12E0A-F809-4554-8C6C-B00650DC9FFA}.Release|x86.Build.0 = Release|Any CPU
	EndGlobalSection
	GlobalSection(NestedProjects) = preSolution
		{63B2CD27-44A6-4853-AD53-8C5F3A6BAEB5} = {EBA29B5A-A38D-4DC7-8AAC-A9F614E22090}
	EndGlobalSection
EndGlobal
